
Microsoft Visual Studio Solution File, Format Version 12.00
# Visual Studio Version 17
VisualStudioVersion = 17.3.32922.545
MinimumVisualStudioVersion = 10.0.40219.1
Project("{FAE04EC0-301F-11D3-BF4B-00C04F79EFBC}") = "p52.Example1", "Example1p54\p52.Example1.csproj", "{B98414E2-B3F6-42D6-9F99-A4C5D555FE28}"
EndProject
Project("{FAE04EC0-301F-11D3-BF4B-00C04F79EFBC}") = "p55.Example2", "Example2p55\p55.Example2.csproj", "{C8CC556D-1F7B-4705-A5E0-2BFFDFEB4889}"
EndProject
Project("{FAE04EC0-301F-11D3-BF4B-00C04F79EFBC}") = "p57.Example3", "Example3p57\p57.Example3.csproj", "{F98664CC-9132-4B90-8076-AF2628CD7656}"
EndProject
Project("{FAE04EC0-301F-11D3-BF4B-00C04F79EFBC}") = "p58.Circle", "Circle\p58.Circle.csproj", "{44888588-C6D6-4A60-B9D5-FB98EC9CD6B0}"
EndProject
Project("{FAE04EC0-301F-11D3-BF4B-00C04F79EFBC}") = "p59.IfDemo", "p59.IfDemo\p59.IfDemo.csproj", "{2F2E10A2-75EA-4655-8770-7522D81417BA}"
EndProject
Global
	GlobalSection(SolutionConfigurationPlatforms) = preSolution
		Debug|Any CPU = Debug|Any CPU
		Release|Any CPU = Release|Any CPU
	EndGlobalSection
	GlobalSection(ProjectConfigurationPlatforms) = postSolution
		{B98414E2-B3F6-42D6-9F99-A4C5D555FE28}.Debug|Any CPU.ActiveCfg = Debug|Any CPU
		{B98414E2-B3F6-42D6-9F99-A4C5D555FE28}.Debug|Any CPU.Build.0 = Debug|Any CPU
		{B98414E2-B3F6-42D6-9F99-A4C5D555FE28}.Release|Any CPU.ActiveCfg = Release|Any CPU
		{B98414E2-B3F6-42D6-9F99-A4C5D555FE28}.Release|Any CPU.Build.0 = Release|Any CPU
		{C8CC556D-1F7B-4705-A5E0-2BFFDFEB4889}.Debug|Any CPU.ActiveCfg = Debug|Any CPU
		{C8CC556D-1F7B-4705-A5E0-2BFFDFEB4889}.Debug|Any CPU.Build.0 = Debug|Any CPU
		{C8CC556D-1F7B-4705-A5E0-2BFFDFEB4889}.Release|Any CPU.ActiveCfg = Release|Any CPU
		{C8CC556D-1F7B-4705-A5E0-2BFFDFEB4889}.Release|Any CPU.Build.0 = Release|Any CPU
		{F98664CC-9132-4B90-8076-AF2628CD7656}.Debug|Any CPU.ActiveCfg = Debug|Any CPU
		{F98664CC-9132-4B90-8076-AF2628CD7656}.Debug|Any CPU.Build.0 = Debug|Any CPU
		{F98664CC-9132-4B90-8076-AF2628CD7656}.Release|Any CPU.ActiveCfg = Release|Any CPU
		{F98664CC-9132-4B90-8076-AF2628CD7656}.Release|Any CPU.Build.0 = Release|Any CPU
		{44888588-C6D6-4A60-B9D5-FB98EC9CD6B0}.Debug|Any CPU.ActiveCfg = Debug|Any CPU
		{44888588-C6D6-4A60-B9D5-FB98EC9CD6B0}.Debug|Any CPU.Build.0 = Debug|Any CPU
		{44888588-C6D6-4A60-B9D5-FB98EC9CD6B0}.Release|Any CPU.ActiveCfg = Release|Any CPU
		{44888588-C6D6-4A60-B9D5-FB98EC9CD6B0}.Release|Any CPU.Build.0 = Release|Any CPU
		{2F2E10A2-75EA-4655-8770-7522D81417BA}.Debug|Any CPU.ActiveCfg = Debug|Any CPU
		{2F2E10A2-75EA-4655-8770-7522D81417BA}.Debug|Any CPU.Build.0 = Debug|Any CPU
		{2F2E10A2-75EA-4655-8770-7522D81417BA}.Release|Any CPU.ActiveCfg = Release|Any CPU
		{2F2E10A2-75EA-4655-8770-7522D81417BA}.Release|Any CPU.Build.0 = Release|Any CPU
	EndGlobalSection
	GlobalSection(SolutionProperties) = preSolution
		HideSolutionNode = FALSE
	EndGlobalSection
	GlobalSection(ExtensibilityGlobals) = postSolution
		SolutionGuid = {578DB8FF-1D74-459A-9EC8-FAE9BD20A99D}
	EndGlobalSection
EndGlobal
